
Microsoft Visual Studio Solution File, Format Version 12.00
# Visual Studio 14
VisualStudioVersion = 14.0.25420.1
MinimumVisualStudioVersion = 10.0.40219.1
Project("{00D1A9C2-B5F0-4AF3-8072-F6C62B433612}") = "Dimensions", "Dimensions\Dimensions.sqlproj", "{8E708571-FFF3-4FF6-958F-FDCCDB073326}"
EndProject
Project("{00D1A9C2-B5F0-4AF3-8072-F6C62B433612}") = "Facts", "Facts\Facts.sqlproj", "{D7F5FA65-1679-40A8-AED8-04650163CBE1}"
EndProject
Global
	GlobalSection(SolutionConfigurationPlatforms) = preSolution
		Debug|Any CPU = Debug|Any CPU
		Release|Any CPU = Release|Any CPU
	EndGlobalSection
	GlobalSection(ProjectConfigurationPlatforms) = postSolution
		{8E708571-FFF3-4FF6-958F-FDCCDB073326}.Debug|Any CPU.ActiveCfg = Debug|Any CPU
		{8E708571-FFF3-4FF6-958F-FDCCDB073326}.Debug|Any CPU.Build.0 = Debug|Any CPU
		{8E708571-FFF3-4FF6-958F-FDCCDB073326}.Debug|Any CPU.Deploy.0 = Debug|Any CPU
		{8E708571-FFF3-4FF6-958F-FDCCDB073326}.Release|Any CPU.ActiveCfg = Release|Any CPU
		{8E708571-FFF3-4FF6-958F-FDCCDB073326}.Release|Any CPU.Build.0 = Release|Any CPU
		{8E708571-FFF3-4FF6-958F-FDCCDB073326}.Release|Any CPU.Deploy.0 = Release|Any CPU
		{D7F5FA65-1679-40A8-AED8-04650163CBE1}.Debug|Any CPU.ActiveCfg = Debug|Any CPU
		{D7F5FA65-1679-40A8-AED8-04650163CBE1}.Debug|Any CPU.Build.0 = Debug|Any CPU
		{D7F5FA65-1679-40A8-AED8-04650163CBE1}.Debug|Any CPU.Deploy.0 = Debug|Any CPU
		{D7F5FA65-1679-40A8-AED8-04650163CBE1}.Release|Any CPU.ActiveCfg = Release|Any CPU
		{D7F5FA65-1679-40A8-AED8-04650163CBE1}.Release|Any CPU.Build.0 = Release|Any CPU
		{D7F5FA65-1679-40A8-AED8-04650163CBE1}.Release|Any CPU.Deploy.0 = Release|Any CPU
	EndGlobalSection
	GlobalSection(SolutionProperties) = preSolution
		HideSolutionNode = FALSE
	EndGlobalSection
EndGlobal
